
Microsoft Visual Studio Solution File, Format Version 12.00
# Visual Studio 15
VisualStudioVersion = 15.0.26730.16
MinimumVisualStudioVersion = 10.0.40219.1
Project("{FAE04EC0-301F-11D3-BF4B-00C04F79EFBC}") = "ImageDownloader", "ImageDownloader\ImageDownloader.csproj", "{299CB670-F563-4E7A-A5E4-C972E64B25B1}"
EndProject
Global
	GlobalSection(SolutionConfigurationPlatforms) = preSolution
		Debug|Any CPU = Debug|Any CPU
		Release|Any CPU = Release|Any CPU
	EndGlobalSection
	GlobalSection(ProjectConfigurationPlatforms) = postSolution
		{299CB670-F563-4E7A-A5E4-C972E64B25B1}.Debug|Any CPU.ActiveCfg = Debug|Any CPU
		{299CB670-F563-4E7A-A5E4-C972E64B25B1}.Debug|Any CPU.Build.0 = Debug|Any CPU
		{299CB670-F563-4E7A-A5E4-C972E64B25B1}.Release|Any CPU.ActiveCfg = Release|Any CPU
		{299CB670-F563-4E7A-A5E4-C972E64B25B1}.Release|Any CPU.Build.0 = Release|Any CPU
	EndGlobalSection
	GlobalSection(SolutionProperties) = preSolution
		HideSolutionNode = FALSE
	EndGlobalSection
	GlobalSection(ExtensibilityGlobals) = postSolution
		SolutionGuid = {E9648D91-5586-4981-9FAA-E810E4D0EA12}
	EndGlobalSection
EndGlobal
